<?xml version="1.0" encoding="utf-8"?>
<Project ToolsVersion="4.0" xmlns="http://schemas.microsoft.com/developer/msbuild/2003">
  <ItemGroup>
    <ClCompile Include="Main.cpp" />
  </ItemGroup>
  <ItemGroup>
    <ClInclude Include="Image3dSource.hpp" />
    <ClInclude Include="Image3dFileLoader.hpp" />
    <ClInclude Include="Resource.h" />
  </ItemGroup>
  <ItemGroup>
    <None Include="DummyLoader.rgs" />
    <None Include="Image3dFileLoader.rgs" />
    <None Include="Image3dSource.rgs" />
  </ItemGroup>
  <ItemGroup>
    <Midl Include="DummyLoader.idl" />
  </ItemGroup>
  <ItemGroup>
    <ResourceCompile Include="DummyLoader.rc" />
  </ItemGroup>
</Project>